PODS:
  - 1PasswordExtension (1.8.5)
  - Alamofire (4.9.1)
  - AlamofireObjectMapper (5.2.1):
    - Alamofire (~> 4.7)
    - ObjectMapper (~> 3.4)
  - CXSwipeGestureRecognizer (1.1.0)
  - DrawerController (4.0.0):
    - DrawerController/Core (= 4.0.0)
    - DrawerController/DrawerVisualStates (= 4.0.0)
  - DrawerController/Core (4.0.0)
  - DrawerController/DrawerVisualStates (4.0.0):
    - DrawerController/Core
  - FDFullscreenPopGesture (1.1)
  - FXBlurView (1.6.4)
  - Ji (5.0.0)
  - KeychainSwift (18.0.0)
  - Kingfisher (7.11.0)
  - KVOController (1.2.0)
  - MJRefresh (3.1.15.7)
  - Moya/Core (13.0.1):
    - Alamofire (~> 4.1)
    - Result (~> 4.1)
  - Moya/RxSwift (13.0.1):
    - Moya/Core
    - RxSwift (~> 4.0)
  - ObjectMapper (3.5.1)
  - Result (4.1.0)
  - RxSwift (4.5.0)
  - Shimmer (1.0.2)
  - SnapKit (5.0.1)
  - SVProgressHUD (2.2.5)
  - SwiftyJSON (4.3.0)
  - YYText (1.0.7)

DEPENDENCIES:
  - 1PasswordExtension
  - Alamofire
  - AlamofireObjectMapper
  - CXSwipeGestureRecognizer
  - DrawerController
  - FDFullscreenPopGesture
  - FXBlurView
  - Ji
  - KeychainSwift
  - Kingfisher (~> 7.11.0)
  - KVOController
  - MJRefresh (~> 3.1.15.7)
  - Moya/RxSwift
  - ObjectMapper
  - Shimmer
  - SnapKit
  - SVProgressHUD
  - SwiftyJSON (~> 4.3)
  - YYText

SPEC REPOS:
  trunk:
    - 1PasswordExtension
    - Alamofire
    - AlamofireObjectMapper
    - CXSwipeGestureRecognizer
    - DrawerController
    - FDFullscreenPopGesture
    - FXBlurView
    - Ji
    - KeychainSwift
    - Kingfisher
    - KVOController
    - MJRefresh
    - Moya
    - ObjectMapper
    - Result
    - RxSwift
    - Shimmer
    - SnapKit
    - SVProgressHUD
    - SwiftyJSON
    - YYText

SPEC CHECKSUMS:
  1PasswordExtension: 0e95bdea64ec8ff2f4f693be5467a09fac42a83d
  Alamofire: 85e8a02c69d6020a0d734f6054870d7ecb75cf18
  AlamofireObjectMapper: 1989f690e982b71921b9253f53a4f33a9bc00d88
  CXSwipeGestureRecognizer: 5a53916aa69e85d041c35b5fc2180ff0bfe6333b
  DrawerController: eb1168e9f7185cc49f654ae8486917f0acb3dc88
  FDFullscreenPopGesture: a8a620179e3d9c40e8e00256dcee1c1a27c6d0f0
  FXBlurView: db786c2561cb49a09ae98407f52460096ab8a44f
  Ji: d795fed288fe78658b404c88946d753b17d8d7f4
  KeychainSwift: c46e1438d121e47459fb304ac88c5e058a2a91ed
  Kingfisher: b9c985d864d43515f404f1ef4a8ce7d802ace3ac
  KVOController: d72ace34afea42468329623b3379ab3cd1d286b6
  MJRefresh: 697f8ec75ebdbe9207767bb682cf0f51b0d8a41f
  Moya: f4a4b80ff2f8a4ffc208dfb31cd91636622fee6e
  ObjectMapper: 70187b8941977c62ccfb423caf6b50be405cabf0
  Result: bd966fac789cc6c1563440b348ab2598cc24d5c7
  RxSwift: f172070dfd1a93d70a9ab97a5a01166206e1c575
  Shimmer: c5374be1c2b0c9e292fb05b339a513cf291cac86
  SnapKit: 97b92857e3df3a0c71833cce143274bf6ef8e5eb
  SVProgressHUD: 1428aafac632c1f86f62aa4243ec12008d7a51d6
  SwiftyJSON: 6faa0040f8b59dead0ee07436cbf76b73c08fd08
  YYText: 5c461d709e24d55a182d1441c41dc639a18a4849

PODFILE CHECKSUM: 3ddddc85b80ca8760de77cc05b6b02dcb02f1ea1

COCOAPODS: 1.16.2
