PODS:
  - 1PasswordExtension (1.8.5)
  - Alamofire (4.7.3)
  - AlamofireObjectMapper (5.1.0):
    - Alamofire (~> 4.1)
    - ObjectMapper (~> 3.3)
  - Crashlytics (3.11.0):
    - Fabric (~> 1.8.0)
  - CXSwipeGestureRecognizer (1.0.2)
  - DeviceKit (1.9.0)
  - DrawerController (4.0.0):
    - DrawerController/Core (= 4.0.0)
    - DrawerController/DrawerVisualStates (= 4.0.0)
  - DrawerController/Core (4.0.0)
  - DrawerController/DrawerVisualStates (4.0.0):
    - DrawerController/Core
  - Fabric (1.8.0)
  - FDFullscreenPopGesture (1.1)
  - FXBlurView (1.6.4)
  - Ji (2.1.0):
    - Ji/Ji (= 2.1.0)
  - Ji/Ji (2.1.0):
    - Ji/Ji-libxml
  - Ji/Ji-libxml (2.1.0)
  - KeychainSwift (13.0.0)
  - Kingfisher (4.10.0)
  - KVOController (1.2.0)
  - MJRefresh (3.1.15.7)
  - Moya/Core (11.0.2):
    - Alamofire (~> 4.1)
    - Result (~> 3.0)
  - Moya/RxSwift (11.0.2):
    - Moya/Core
    - RxSwift (~> 4.0)
  - ObjectMapper (3.3.0)
  - Result (3.2.4)
  - RxSwift (4.3.1)
  - Shimmer (1.0.2)
  - SnapKit (4.2.0)
  - SVProgressHUD (2.2.5)
  - SwiftyJSON (3.1.4)
  - YYText (1.0.7)

DEPENDENCIES:
  - 1PasswordExtension
  - Alamofire
  - AlamofireObjectMapper
  - Crashlytics
  - CXSwipeGestureRecognizer
  - DeviceKit
  - DrawerController
  - Fabric
  - FDFullscreenPopGesture
  - FXBlurView
  - Ji
  - KeychainSwift
  - Kingfisher
  - KVOController
  - MJRefresh
  - Moya/RxSwift
  - ObjectMapper
  - Shimmer
  - SnapKit
  - SVProgressHUD
  - SwiftyJSON (~> 3.1.4)
  - YYText

SPEC REPOS:
  https://github.com/cocoapods/specs.git:
    - 1PasswordExtension
    - Alamofire
    - AlamofireObjectMapper
    - Crashlytics
    - CXSwipeGestureRecognizer
    - DeviceKit
    - DrawerController
    - Fabric
    - FDFullscreenPopGesture
    - FXBlurView
    - Ji
    - KeychainSwift
    - Kingfisher
    - KVOController
    - MJRefresh
    - Moya
    - ObjectMapper
    - Result
    - RxSwift
    - Shimmer
    - SnapKit
    - SVProgressHUD
    - SwiftyJSON
    - YYText

SPEC CHECKSUMS:
  1PasswordExtension: 0e95bdea64ec8ff2f4f693be5467a09fac42a83d
  Alamofire: c7287b6e5d7da964a70935e5db17046b7fde6568
  AlamofireObjectMapper: 3395e698901d8b0e6f48b7d0c43bd47875325102
  Crashlytics: 1448070c1d2731ab71ea7c3faf84ac0f69657287
  CXSwipeGestureRecognizer: 2f340869fd75f46bb23f69f5f56b7dd1e607170b
  DeviceKit: a376cb3d0dda0c27c81dcc0d2b7b8600b6802065
  DrawerController: eb1168e9f7185cc49f654ae8486917f0acb3dc88
  Fabric: 4ac1cdfef3004ccd83ce0959b91eda8a6e37df72
  FDFullscreenPopGesture: a8a620179e3d9c40e8e00256dcee1c1a27c6d0f0
  FXBlurView: db786c2561cb49a09ae98407f52460096ab8a44f
  Ji: 21946da4e13425485ddd424edfaeeced0d80ad28
  KeychainSwift: 23d6c16cbc33f20fafa30c3d783241b4b87d998c
  Kingfisher: 43c4b802d8b5256cf1f4379e9cd10b329be6d3e2
  KVOController: d72ace34afea42468329623b3379ab3cd1d286b6
  MJRefresh: 697f8ec75ebdbe9207767bb682cf0f51b0d8a41f
  Moya: a725035953bc1c0eb1be505ab903984501d82440
  ObjectMapper: b612bf8c8e99c4dc0bb6013a51f7c27966ed5da9
  Result: d2d07204ce72856f1fd9130bbe42c35a7b0fea10
  RxSwift: fe0fd770a43acdb7d0a53da411c9b892e69bb6e4
  Shimmer: c5374be1c2b0c9e292fb05b339a513cf291cac86
  SnapKit: fe8a619752f3f27075cc9a90244d75c6c3f27e2a
  SVProgressHUD: 1428aafac632c1f86f62aa4243ec12008d7a51d6
  SwiftyJSON: c2842d878f95482ffceec5709abc3d05680c0220
  YYText: 5c461d709e24d55a182d1441c41dc639a18a4849

PODFILE CHECKSUM: 3bebd54be53fb9da8f92c4319385674751ea6a12

COCOAPODS: 1.6.1
