PODS:
  - 1PasswordExtension (1.8.5)
  - Alamofire (4.7.3)
  - AlamofireObjectMapper (5.1.0):
    - Alamofire (~> 4.1)
    - ObjectMapper (~> 3.3)
  - Crashlytics (3.10.7):
    - Fabric (~> 1.7.11)
  - CXSwipeGestureRecognizer (1.0.2)
  - DeviceKit (1.7.0)
  - DrawerController (4.0.0):
    - DrawerController/Core (= 4.0.0)
    - DrawerController/DrawerVisualStates (= 4.0.0)
  - DrawerController/Core (4.0.0)
  - DrawerController/DrawerVisualStates (4.0.0):
    - DrawerController/Core
  - Fabric (1.7.11)
  - FDFullscreenPopGesture (1.1)
  - FXBlurView (1.6.4)
  - Ji (2.1.0):
    - Ji/Ji (= 2.1.0)
  - Ji/Ji (2.1.0):
    - Ji/Ji-libxml
  - Ji/Ji-libxml (2.1.0)
  - KeychainSwift (11.0.0)
  - Kingfisher (4.9.0)
  - KVOController (1.2.0)
  - MJRefresh (3.1.15.6)
  - Moya/Core (11.0.2):
    - Alamofire (~> 4.1)
    - Result (~> 3.0)
  - Moya/RxSwift (11.0.2):
    - Moya/Core
    - RxSwift (~> 4.0)
  - ObjectMapper (3.3.0)
  - Result (3.2.4)
  - RxSwift (4.2.0)
  - Shimmer (1.0.2)
  - SnapKit (4.0.0)
  - SVProgressHUD (2.2.5)
  - SwiftyJSON (3.1.4)
  - YYText (1.0.7)

DEPENDENCIES:
  - 1PasswordExtension
  - Alamofire
  - AlamofireObjectMapper
  - Crashlytics
  - CXSwipeGestureRecognizer
  - DeviceKit
  - DrawerController
  - Fabric
  - FDFullscreenPopGesture
  - FXBlurView
  - Ji
  - KeychainSwift
  - Kingfisher
  - KVOController
  - MJRefresh
  - Moya/RxSwift
  - ObjectMapper
  - Shimmer
  - SnapKit
  - SVProgressHUD
  - SwiftyJSON (~> 3.1.4)
  - YYText

SPEC REPOS:
  https://github.com/cocoapods/specs.git:
    - 1PasswordExtension
    - Alamofire
    - AlamofireObjectMapper
    - Crashlytics
    - CXSwipeGestureRecognizer
    - DeviceKit
    - DrawerController
    - Fabric
    - FDFullscreenPopGesture
    - FXBlurView
    - Ji
    - KeychainSwift
    - Kingfisher
    - KVOController
    - MJRefresh
    - Moya
    - ObjectMapper
    - Result
    - RxSwift
    - Shimmer
    - SnapKit
    - SVProgressHUD
    - SwiftyJSON
    - YYText

SPEC CHECKSUMS:
  1PasswordExtension: 0e95bdea64ec8ff2f4f693be5467a09fac42a83d
  Alamofire: c7287b6e5d7da964a70935e5db17046b7fde6568
  AlamofireObjectMapper: 3395e698901d8b0e6f48b7d0c43bd47875325102
  Crashlytics: ccaac42660eb9351b9960c0d66106b0bcf99f4fa
  CXSwipeGestureRecognizer: 2f340869fd75f46bb23f69f5f56b7dd1e607170b
  DeviceKit: 6a5bdeb103c03757bb94aef1ccb01e08bc8ef4ee
  DrawerController: eb1168e9f7185cc49f654ae8486917f0acb3dc88
  Fabric: f233c9492b3bbc1f04e3882986740f7988a58edb
  FDFullscreenPopGesture: a8a620179e3d9c40e8e00256dcee1c1a27c6d0f0
  FXBlurView: db786c2561cb49a09ae98407f52460096ab8a44f
  Ji: 21946da4e13425485ddd424edfaeeced0d80ad28
  KeychainSwift: bea6bd9f98af7b8d7ca4aa79fe105c00fab532db
  Kingfisher: 64539b51826b778206daa6ed815d12653caa69dd
  KVOController: d72ace34afea42468329623b3379ab3cd1d286b6
  MJRefresh: 0efa19656679d70a0f47cbe76e56c2271fe53a97
  Moya: a725035953bc1c0eb1be505ab903984501d82440
  ObjectMapper: b612bf8c8e99c4dc0bb6013a51f7c27966ed5da9
  Result: d2d07204ce72856f1fd9130bbe42c35a7b0fea10
  RxSwift: 99e10317ddfcc7fbe01356aafd118fde4a0be104
  Shimmer: c5374be1c2b0c9e292fb05b339a513cf291cac86
  SnapKit: a42d492c16e80209130a3379f73596c3454b7694
  SVProgressHUD: 1428aafac632c1f86f62aa4243ec12008d7a51d6
  SwiftyJSON: c2842d878f95482ffceec5709abc3d05680c0220
  YYText: 5c461d709e24d55a182d1441c41dc639a18a4849

PODFILE CHECKSUM: d21857f66837d3439ad6854f3a4abb9c86e7632c

COCOAPODS: 1.5.3
