// !$*UTF8*$!
{
	archiveVersion = 1;
	classes = {
	};
	objectVersion = 46;
	objects = {

/* Begin PBXBuildFile section */
		06098B3F1C52171D00848159 /* LoginViewController.swift in Sources */ = {isa = PBXBuildFile; fileRef = 06098B3E1C52171D00848159 /* LoginViewController.swift */; };
		06098B411C521A4100848159 /* login-bg-iphone-6.jpg in Resources */ = {isa = PBXBuildFile; fileRef = 06098B401C521A4100848159 /* login-bg-iphone-6.jpg */; };
		06098B431C5232D800848159 /* 32.jpg in Resources */ = {isa = PBXBuildFile; fileRef = 06098B421C5232D800848159 /* 32.jpg */; };
		060C4E401C4897BB004FBECC /* V2FPSLabel.swift in Sources */ = {isa = PBXBuildFile; fileRef = 060C4E3F1C4897BB004FBECC /* V2FPSLabel.swift */; };
		060C4E421C48EC39004FBECC /* V2Client.swift in Sources */ = {isa = PBXBuildFile; fileRef = 060C4E411C48EC39004FBECC /* V2Client.swift */; };
		0610F1B01C46136300481402 /* BaseModel.swift in Sources */ = {isa = PBXBuildFile; fileRef = 0610F1AF1C46136300481402 /* BaseModel.swift */; };
		0610F1B21C4613D800481402 /* TopicListModel.swift in Sources */ = {isa = PBXBuildFile; fileRef = 0610F1B11C4613D800481402 /* TopicListModel.swift */; };
		0610F1B41C46491800481402 /* V2EXNavigationController.swift in Sources */ = {isa = PBXBuildFile; fileRef = 0610F1B31C46491800481402 /* V2EXNavigationController.swift */; };
		063C05D91C5889E1005B7CA1 /* V2RefreshHeader.swift in Sources */ = {isa = PBXBuildFile; fileRef = 063C05D81C5889E1005B7CA1 /* V2RefreshHeader.swift */; };
		063C05DC1C589593005B7CA1 /* ic_lock@2x.png in Resources */ = {isa = PBXBuildFile; fileRef = 063C05DA1C589593005B7CA1 /* ic_lock@2x.png */; };
		063C05DD1C589593005B7CA1 /* ic_lock@3x.png in Resources */ = {isa = PBXBuildFile; fileRef = 063C05DB1C589593005B7CA1 /* ic_lock@3x.png */; };
		063C05E01C5895A7005B7CA1 /* ic_account_circle@2x.png in Resources */ = {isa = PBXBuildFile; fileRef = 063C05DE1C5895A7005B7CA1 /* ic_account_circle@2x.png */; };
		063C05E11C5895A7005B7CA1 /* ic_account_circle@3x.png in Resources */ = {isa = PBXBuildFile; fileRef = 063C05DF1C5895A7005B7CA1 /* ic_account_circle@3x.png */; };
		063C05E41C589B0E005B7CA1 /* ic_arrow_downward@2x.png in Resources */ = {isa = PBXBuildFile; fileRef = 063C05E21C589B0E005B7CA1 /* ic_arrow_downward@2x.png */; };
		063C05E51C589B0E005B7CA1 /* ic_arrow_downward@3x.png in Resources */ = {isa = PBXBuildFile; fileRef = 063C05E31C589B0E005B7CA1 /* ic_arrow_downward@3x.png */; };
		063C05F01C58A15D005B7CA1 /* ic_speaker_notes@2x.png in Resources */ = {isa = PBXBuildFile; fileRef = 063C05EE1C58A15D005B7CA1 /* ic_speaker_notes@2x.png */; };
		063C05F11C58A15D005B7CA1 /* ic_speaker_notes@3x.png in Resources */ = {isa = PBXBuildFile; fileRef = 063C05EF1C58A15D005B7CA1 /* ic_speaker_notes@3x.png */; };
		0648F4AC1C54FC3F00475567 /* V2EXSettings.swift in Sources */ = {isa = PBXBuildFile; fileRef = 0648F4AB1C54FC3F00475567 /* V2EXSettings.swift */; };
		064D37A41C53BD4C002E7226 /* LeftUserHeadCell.swift in Sources */ = {isa = PBXBuildFile; fileRef = 064D37A31C53BD4C002E7226 /* LeftUserHeadCell.swift */; };
		064D37A61C53C4A8002E7226 /* LeftNodeTableViewCell.swift in Sources */ = {isa = PBXBuildFile; fileRef = 064D37A51C53C4A8002E7226 /* LeftNodeTableViewCell.swift */; };
		064D37A81C53CB09002E7226 /* RightNodeTableViewCell.swift in Sources */ = {isa = PBXBuildFile; fileRef = 064D37A71C53CB09002E7226 /* RightNodeTableViewCell.swift */; };
		06536F591C4F4B5000CE2CF8 /* TopicDetailCommentCell.swift in Sources */ = {isa = PBXBuildFile; fileRef = 06536F581C4F4B5000CE2CF8 /* TopicDetailCommentCell.swift */; };
		0653CFA81C44E0B200E4FC05 /* UITableView+FINAutomaticHeightCell.swift in Sources */ = {isa = PBXBuildFile; fileRef = 0653CFA71C44E0B200E4FC05 /* UITableView+FINAutomaticHeightCell.swift */; };
		065B26B91C5750BE008F16ED /* ic_more_horiz_36pt@2x.png in Resources */ = {isa = PBXBuildFile; fileRef = 065B26B71C5750BE008F16ED /* ic_more_horiz_36pt@2x.png */; };
		065B26BA1C5750BE008F16ED /* ic_more_horiz_36pt@3x.png in Resources */ = {isa = PBXBuildFile; fileRef = 065B26B81C5750BE008F16ED /* ic_more_horiz_36pt@3x.png */; };
		065B26BD1C57510E008F16ED /* ic_menu_36pt@2x.png in Resources */ = {isa = PBXBuildFile; fileRef = 065B26BB1C57510E008F16ED /* ic_menu_36pt@2x.png */; };
		065B26BE1C57510E008F16ED /* ic_menu_36pt@3x.png in Resources */ = {isa = PBXBuildFile; fileRef = 065B26BC1C57510E008F16ED /* ic_menu_36pt@3x.png */; };
		065B26C51C575277008F16ED /* ic_send@2x.png in Resources */ = {isa = PBXBuildFile; fileRef = 065B26C31C575277008F16ED /* ic_send@2x.png */; };
		065B26C61C575277008F16ED /* ic_send@3x.png in Resources */ = {isa = PBXBuildFile; fileRef = 065B26C41C575277008F16ED /* ic_send@3x.png */; };
		065B26D51C575424008F16ED /* ic_cancel@2x.png in Resources */ = {isa = PBXBuildFile; fileRef = 065B26D31C575424008F16ED /* ic_cancel@2x.png */; };
		065B26D61C575424008F16ED /* ic_cancel@3x.png in Resources */ = {isa = PBXBuildFile; fileRef = 065B26D41C575424008F16ED /* ic_cancel@3x.png */; };
		065B26E51C5757D1008F16ED /* ic_chevron_left@2x.png in Resources */ = {isa = PBXBuildFile; fileRef = 065B26E31C5757D1008F16ED /* ic_chevron_left@2x.png */; };
		065B26E61C5757D1008F16ED /* ic_chevron_left@3x.png in Resources */ = {isa = PBXBuildFile; fileRef = 065B26E41C5757D1008F16ED /* ic_chevron_left@3x.png */; };
		06662CA61C4A89520024452C /* TopicDetailViewController.swift in Sources */ = {isa = PBXBuildFile; fileRef = 06662CA51C4A89520024452C /* TopicDetailViewController.swift */; };
		06662CA81C4A8A370024452C /* TopicDetailModel.swift in Sources */ = {isa = PBXBuildFile; fileRef = 06662CA71C4A8A370024452C /* TopicDetailModel.swift */; };
		0684A1E01C5B4A0A00B12437 /* NotificationsViewController.swift in Sources */ = {isa = PBXBuildFile; fileRef = 0684A1DF1C5B4A0A00B12437 /* NotificationsViewController.swift */; };
		0684A1E21C5B4BA500B12437 /* NotificationTableViewCell.swift in Sources */ = {isa = PBXBuildFile; fileRef = 0684A1E11C5B4BA500B12437 /* NotificationTableViewCell.swift */; };
		0684A1E51C5B508D00B12437 /* ic_arrow_drop_up@2x.png in Resources */ = {isa = PBXBuildFile; fileRef = 0684A1E31C5B508D00B12437 /* ic_arrow_drop_up@2x.png */; };
		0684A1E61C5B508D00B12437 /* ic_arrow_drop_up@3x.png in Resources */ = {isa = PBXBuildFile; fileRef = 0684A1E41C5B508D00B12437 /* ic_arrow_drop_up@3x.png */; };
		0684A1E81C5B58D600B12437 /* UIButton+Extension.swift in Sources */ = {isa = PBXBuildFile; fileRef = 0684A1E71C5B58D600B12437 /* UIButton+Extension.swift */; };
		0684A1EA1C5B608D00B12437 /* NotificationsModel.swift in Sources */ = {isa = PBXBuildFile; fileRef = 0684A1E91C5B608D00B12437 /* NotificationsModel.swift */; };
		069508E41C3F74FF0088D031 /* AppDelegate.swift in Sources */ = {isa = PBXBuildFile; fileRef = 069508E31C3F74FF0088D031 /* AppDelegate.swift */; };
		069508EB1C3F74FF0088D031 /* Assets.xcassets in Resources */ = {isa = PBXBuildFile; fileRef = 069508EA1C3F74FF0088D031 /* Assets.xcassets */; };
		069508EE1C3F74FF0088D031 /* LaunchScreen.storyboard in Resources */ = {isa = PBXBuildFile; fileRef = 069508EC1C3F74FF0088D031 /* LaunchScreen.storyboard */; };
		069508FB1C3F75C70088D031 /* HomeViewController.swift in Sources */ = {isa = PBXBuildFile; fileRef = 069508FA1C3F75C70088D031 /* HomeViewController.swift */; };
		069839761C4773D600FF7163 /* Localizable.strings in Resources */ = {isa = PBXBuildFile; fileRef = 069839781C4773D600FF7163 /* Localizable.strings */; };
		0698397D1C47766500FF7163 /* Dark.bundle in Resources */ = {isa = PBXBuildFile; fileRef = 0698397B1C47766500FF7163 /* Dark.bundle */; };
		0698397E1C47766500FF7163 /* Light.bundle in Resources */ = {isa = PBXBuildFile; fileRef = 0698397C1C47766500FF7163 /* Light.bundle */; };
		069839811C478EC300FF7163 /* LeftViewController.swift in Sources */ = {isa = PBXBuildFile; fileRef = 069839801C478EC300FF7163 /* LeftViewController.swift */; };
		069839831C478ECC00FF7163 /* RightViewController.swift in Sources */ = {isa = PBXBuildFile; fileRef = 069839821C478ECC00FF7163 /* RightViewController.swift */; };
		06BA47CB1C59C95500CE2A0D /* V2LoadingView.swift in Sources */ = {isa = PBXBuildFile; fileRef = 06BA47CA1C59C95500CE2A0D /* V2LoadingView.swift */; };
		06BA47CF1C5A14CD00CE2A0D /* ic_favorite_18pt@2x.png in Resources */ = {isa = PBXBuildFile; fileRef = 06BA47CD1C5A14CD00CE2A0D /* ic_favorite_18pt@2x.png */; };
		06BA47D01C5A14CD00CE2A0D /* ic_favorite_18pt@3x.png in Resources */ = {isa = PBXBuildFile; fileRef = 06BA47CE1C5A14CD00CE2A0D /* ic_favorite_18pt@3x.png */; };
		06BB48EE1C56096000A4A909 /* V2EXMentionedBindingParser.swift in Sources */ = {isa = PBXBuildFile; fileRef = 06BB48ED1C56096000A4A909 /* V2EXMentionedBindingParser.swift */; };
		06BB48F01C56153A00A4A909 /* WritingViewController.swift in Sources */ = {isa = PBXBuildFile; fileRef = 06BB48EF1C56153A00A4A909 /* WritingViewController.swift */; };
		06C49B6D1C43BFAB00684CA6 /* V2ex+Define.swift in Sources */ = {isa = PBXBuildFile; fileRef = 06C49B6C1C43BFAB00684CA6 /* V2ex+Define.swift */; };
		06C49B701C43C11700684CA6 /* V2SpacingLabel.swift in Sources */ = {isa = PBXBuildFile; fileRef = 06C49B6F1C43C11700684CA6 /* V2SpacingLabel.swift */; };
		06C532B41C53485700258A55 /* UserModel.swift in Sources */ = {isa = PBXBuildFile; fileRef = 06C532B31C53485700258A55 /* UserModel.swift */; };
		06C532B61C534D3F00258A55 /* V2Response.swift in Sources */ = {isa = PBXBuildFile; fileRef = 06C532B51C534D3F00258A55 /* V2Response.swift */; };
		06C582AC1C50C8DC00F24DBC /* BaseDetailTableViewCell.swift in Sources */ = {isa = PBXBuildFile; fileRef = 06C582AB1C50C8DC00F24DBC /* BaseDetailTableViewCell.swift */; };
		06C6734A1C4D20A0000F48DA /* TopicDetailHeaderCell.swift in Sources */ = {isa = PBXBuildFile; fileRef = 06C673491C4D20A0000F48DA /* TopicDetailHeaderCell.swift */; };
		06D33A5E1C4DF64B006CF3AE /* TopicDetailWebViewContentCell.swift in Sources */ = {isa = PBXBuildFile; fileRef = 06D33A5D1C4DF64B006CF3AE /* TopicDetailWebViewContentCell.swift */; };
		06DD400B1C43726600CE293D /* V2EXColor.swift in Sources */ = {isa = PBXBuildFile; fileRef = 06DD400A1C43726600CE293D /* V2EXColor.swift */; };
		06E583851C3F8F4B00FCA361 /* HomeTopicListTableViewCell.swift in Sources */ = {isa = PBXBuildFile; fileRef = 06E583841C3F8F4B00FCA361 /* HomeTopicListTableViewCell.swift */; };
		06E583891C3FA1CA00FCA361 /* UITableView+Extension.swift in Sources */ = {isa = PBXBuildFile; fileRef = 06E583881C3FA1CA00FCA361 /* UITableView+Extension.swift */; };
		26B5242605284C97BB41C134 /* Pods.framework in Frameworks */ = {isa = PBXBuildFile; fileRef = 61362A97378A23EFC5EDD56C /* Pods.framework */; };
/* End PBXBuildFile section */

/* Begin PBXFileReference section */
		06098B3E1C52171D00848159 /* LoginViewController.swift */ = {isa = PBXFileReference; fileEncoding = 4; lastKnownFileType = sourcecode.swift; path = LoginViewController.swift; sourceTree = "<group>"; };
		06098B401C521A4100848159 /* login-bg-iphone-6.jpg */ = {isa = PBXFileReference; lastKnownFileType = image.jpeg; path = "login-bg-iphone-6.jpg"; sourceTree = "<group>"; };
		06098B421C5232D800848159 /* 32.jpg */ = {isa = PBXFileReference; lastKnownFileType = image.jpeg; path = 32.jpg; sourceTree = "<group>"; };
		060C4E3F1C4897BB004FBECC /* V2FPSLabel.swift */ = {isa = PBXFileReference; fileEncoding = 4; lastKnownFileType = sourcecode.swift; path = V2FPSLabel.swift; sourceTree = "<group>"; };
		060C4E411C48EC39004FBECC /* V2Client.swift */ = {isa = PBXFileReference; fileEncoding = 4; lastKnownFileType = sourcecode.swift; path = V2Client.swift; sourceTree = "<group>"; };
		0610F1AF1C46136300481402 /* BaseModel.swift */ = {isa = PBXFileReference; fileEncoding = 4; lastKnownFileType = sourcecode.swift; path = BaseModel.swift; sourceTree = "<group>"; };
		0610F1B11C4613D800481402 /* TopicListModel.swift */ = {isa = PBXFileReference; fileEncoding = 4; lastKnownFileType = sourcecode.swift; path = TopicListModel.swift; sourceTree = "<group>"; };
		0610F1B31C46491800481402 /* V2EXNavigationController.swift */ = {isa = PBXFileReference; fileEncoding = 4; lastKnownFileType = sourcecode.swift; path = V2EXNavigationController.swift; sourceTree = "<group>"; };
		063C05D81C5889E1005B7CA1 /* V2RefreshHeader.swift */ = {isa = PBXFileReference; fileEncoding = 4; lastKnownFileType = sourcecode.swift; path = V2RefreshHeader.swift; sourceTree = "<group>"; };
		063C05DA1C589593005B7CA1 /* ic_lock@2x.png */ = {isa = PBXFileReference; lastKnownFileType = image.png; path = "ic_lock@2x.png"; sourceTree = "<group>"; };
		063C05DB1C589593005B7CA1 /* ic_lock@3x.png */ = {isa = PBXFileReference; lastKnownFileType = image.png; path = "ic_lock@3x.png"; sourceTree = "<group>"; };
		063C05DE1C5895A7005B7CA1 /* ic_account_circle@2x.png */ = {isa = PBXFileReference; lastKnownFileType = image.png; path = "ic_account_circle@2x.png"; sourceTree = "<group>"; };
		063C05DF1C5895A7005B7CA1 /* ic_account_circle@3x.png */ = {isa = PBXFileReference; lastKnownFileType = image.png; path = "ic_account_circle@3x.png"; sourceTree = "<group>"; };
		063C05E21C589B0E005B7CA1 /* ic_arrow_downward@2x.png */ = {isa = PBXFileReference; lastKnownFileType = image.png; path = "ic_arrow_downward@2x.png"; sourceTree = "<group>"; };
		063C05E31C589B0E005B7CA1 /* ic_arrow_downward@3x.png */ = {isa = PBXFileReference; lastKnownFileType = image.png; path = "ic_arrow_downward@3x.png"; sourceTree = "<group>"; };
		063C05EE1C58A15D005B7CA1 /* ic_speaker_notes@2x.png */ = {isa = PBXFileReference; lastKnownFileType = image.png; path = "ic_speaker_notes@2x.png"; sourceTree = "<group>"; };
		063C05EF1C58A15D005B7CA1 /* ic_speaker_notes@3x.png */ = {isa = PBXFileReference; lastKnownFileType = image.png; path = "ic_speaker_notes@3x.png"; sourceTree = "<group>"; };
		0648F4AB1C54FC3F00475567 /* V2EXSettings.swift */ = {isa = PBXFileReference; fileEncoding = 4; lastKnownFileType = sourcecode.swift; path = V2EXSettings.swift; sourceTree = "<group>"; };
		064D37A31C53BD4C002E7226 /* LeftUserHeadCell.swift */ = {isa = PBXFileReference; fileEncoding = 4; lastKnownFileType = sourcecode.swift; path = LeftUserHeadCell.swift; sourceTree = "<group>"; };
		064D37A51C53C4A8002E7226 /* LeftNodeTableViewCell.swift */ = {isa = PBXFileReference; fileEncoding = 4; lastKnownFileType = sourcecode.swift; path = LeftNodeTableViewCell.swift; sourceTree = "<group>"; };
		064D37A71C53CB09002E7226 /* RightNodeTableViewCell.swift */ = {isa = PBXFileReference; fileEncoding = 4; lastKnownFileType = sourcecode.swift; path = RightNodeTableViewCell.swift; sourceTree = "<group>"; };
		06536F581C4F4B5000CE2CF8 /* TopicDetailCommentCell.swift */ = {isa = PBXFileReference; fileEncoding = 4; lastKnownFileType = sourcecode.swift; path = TopicDetailCommentCell.swift; sourceTree = "<group>"; };
		0653CFA71C44E0B200E4FC05 /* UITableView+FINAutomaticHeightCell.swift */ = {isa = PBXFileReference; fileEncoding = 4; lastKnownFileType = sourcecode.swift; path = "UITableView+FINAutomaticHeightCell.swift"; sourceTree = "<group>"; };
		065B26B71C5750BE008F16ED /* ic_more_horiz_36pt@2x.png */ = {isa = PBXFileReference; lastKnownFileType = image.png; path = "ic_more_horiz_36pt@2x.png"; sourceTree = "<group>"; };
		065B26B81C5750BE008F16ED /* ic_more_horiz_36pt@3x.png */ = {isa = PBXFileReference; lastKnownFileType = image.png; path = "ic_more_horiz_36pt@3x.png"; sourceTree = "<group>"; };
		065B26BB1C57510E008F16ED /* ic_menu_36pt@2x.png */ = {isa = PBXFileReference; lastKnownFileType = image.png; path = "ic_menu_36pt@2x.png"; sourceTree = "<group>"; };
		065B26BC1C57510E008F16ED /* ic_menu_36pt@3x.png */ = {isa = PBXFileReference; lastKnownFileType = image.png; path = "ic_menu_36pt@3x.png"; sourceTree = "<group>"; };
		065B26C31C575277008F16ED /* ic_send@2x.png */ = {isa = PBXFileReference; lastKnownFileType = image.png; path = "ic_send@2x.png"; sourceTree = "<group>"; };
		065B26C41C575277008F16ED /* ic_send@3x.png */ = {isa = PBXFileReference; lastKnownFileType = image.png; path = "ic_send@3x.png"; sourceTree = "<group>"; };
		065B26D31C575424008F16ED /* ic_cancel@2x.png */ = {isa = PBXFileReference; lastKnownFileType = image.png; path = "ic_cancel@2x.png"; sourceTree = "<group>"; };
		065B26D41C575424008F16ED /* ic_cancel@3x.png */ = {isa = PBXFileReference; lastKnownFileType = image.png; path = "ic_cancel@3x.png"; sourceTree = "<group>"; };
		065B26E31C5757D1008F16ED /* ic_chevron_left@2x.png */ = {isa = PBXFileReference; lastKnownFileType = image.png; path = "ic_chevron_left@2x.png"; sourceTree = "<group>"; };
		065B26E41C5757D1008F16ED /* ic_chevron_left@3x.png */ = {isa = PBXFileReference; lastKnownFileType = image.png; path = "ic_chevron_left@3x.png"; sourceTree = "<group>"; };
		06662CA51C4A89520024452C /* TopicDetailViewController.swift */ = {isa = PBXFileReference; fileEncoding = 4; lastKnownFileType = sourcecode.swift; path = TopicDetailViewController.swift; sourceTree = "<group>"; };
		06662CA71C4A8A370024452C /* TopicDetailModel.swift */ = {isa = PBXFileReference; fileEncoding = 4; lastKnownFileType = sourcecode.swift; path = TopicDetailModel.swift; sourceTree = "<group>"; };
		0684A1DF1C5B4A0A00B12437 /* NotificationsViewController.swift */ = {isa = PBXFileReference; fileEncoding = 4; lastKnownFileType = sourcecode.swift; path = NotificationsViewController.swift; sourceTree = "<group>"; };
		0684A1E11C5B4BA500B12437 /* NotificationTableViewCell.swift */ = {isa = PBXFileReference; fileEncoding = 4; lastKnownFileType = sourcecode.swift; path = NotificationTableViewCell.swift; sourceTree = "<group>"; };
		0684A1E31C5B508D00B12437 /* ic_arrow_drop_up@2x.png */ = {isa = PBXFileReference; lastKnownFileType = image.png; path = "ic_arrow_drop_up@2x.png"; sourceTree = "<group>"; };
		0684A1E41C5B508D00B12437 /* ic_arrow_drop_up@3x.png */ = {isa = PBXFileReference; lastKnownFileType = image.png; path = "ic_arrow_drop_up@3x.png"; sourceTree = "<group>"; };
		0684A1E71C5B58D600B12437 /* UIButton+Extension.swift */ = {isa = PBXFileReference; fileEncoding = 4; lastKnownFileType = sourcecode.swift; path = "UIButton+Extension.swift"; sourceTree = "<group>"; };
		0684A1E91C5B608D00B12437 /* NotificationsModel.swift */ = {isa = PBXFileReference; fileEncoding = 4; lastKnownFileType = sourcecode.swift; path = NotificationsModel.swift; sourceTree = "<group>"; };
		069508E01C3F74FF0088D031 /* V2ex-Swift.app */ = {isa = PBXFileReference; explicitFileType = wrapper.application; includeInIndex = 0; path = "V2ex-Swift.app"; sourceTree = BUILT_PRODUCTS_DIR; };
		069508E31C3F74FF0088D031 /* AppDelegate.swift */ = {isa = PBXFileReference; lastKnownFileType = sourcecode.swift; path = AppDelegate.swift; sourceTree = "<group>"; };
		069508EA1C3F74FF0088D031 /* Assets.xcassets */ = {isa = PBXFileReference; lastKnownFileType = folder.assetcatalog; path = Assets.xcassets; sourceTree = "<group>"; };
		069508ED1C3F74FF0088D031 /* Base */ = {isa = PBXFileReference; lastKnownFileType = file.storyboard; name = Base; path = Base.lproj/LaunchScreen.storyboard; sourceTree = "<group>"; };
		069508EF1C3F74FF0088D031 /* Info.plist */ = {isa = PBXFileReference; lastKnownFileType = text.plist.xml; path = Info.plist; sourceTree = "<group>"; };
		069508FA1C3F75C70088D031 /* HomeViewController.swift */ = {isa = PBXFileReference; fileEncoding = 4; lastKnownFileType = sourcecode.swift; path = HomeViewController.swift; sourceTree = "<group>"; };
		069839771C4773D600FF7163 /* en */ = {isa = PBXFileReference; lastKnownFileType = text.plist.strings; name = en; path = en.lproj/Localizable.strings; sourceTree = "<group>"; };
		069839791C47740B00FF7163 /* zh-Hans */ = {isa = PBXFileReference; lastKnownFileType = text.plist.strings; name = "zh-Hans"; path = "zh-Hans.lproj/Localizable.strings"; sourceTree = "<group>"; };
		0698397B1C47766500FF7163 /* Dark.bundle */ = {isa = PBXFileReference; lastKnownFileType = "wrapper.plug-in"; path = Dark.bundle; sourceTree = "<group>"; };
		0698397C1C47766500FF7163 /* Light.bundle */ = {isa = PBXFileReference; lastKnownFileType = "wrapper.plug-in"; path = Light.bundle; sourceTree = "<group>"; };
		069839801C478EC300FF7163 /* LeftViewController.swift */ = {isa = PBXFileReference; fileEncoding = 4; lastKnownFileType = sourcecode.swift; path = LeftViewController.swift; sourceTree = "<group>"; };
		069839821C478ECC00FF7163 /* RightViewController.swift */ = {isa = PBXFileReference; fileEncoding = 4; lastKnownFileType = sourcecode.swift; path = RightViewController.swift; sourceTree = "<group>"; };
		06BA47CA1C59C95500CE2A0D /* V2LoadingView.swift */ = {isa = PBXFileReference; fileEncoding = 4; lastKnownFileType = sourcecode.swift; path = V2LoadingView.swift; sourceTree = "<group>"; };
		06BA47CD1C5A14CD00CE2A0D /* ic_favorite_18pt@2x.png */ = {isa = PBXFileReference; lastKnownFileType = image.png; path = "ic_favorite_18pt@2x.png"; sourceTree = "<group>"; };
		06BA47CE1C5A14CD00CE2A0D /* ic_favorite_18pt@3x.png */ = {isa = PBXFileReference; lastKnownFileType = image.png; path = "ic_favorite_18pt@3x.png"; sourceTree = "<group>"; };
		06BB48ED1C56096000A4A909 /* V2EXMentionedBindingParser.swift */ = {isa = PBXFileReference; fileEncoding = 4; lastKnownFileType = sourcecode.swift; path = V2EXMentionedBindingParser.swift; sourceTree = "<group>"; };
		06BB48EF1C56153A00A4A909 /* WritingViewController.swift */ = {isa = PBXFileReference; fileEncoding = 4; lastKnownFileType = sourcecode.swift; path = WritingViewController.swift; sourceTree = "<group>"; };
		06C49B6C1C43BFAB00684CA6 /* V2ex+Define.swift */ = {isa = PBXFileReference; fileEncoding = 4; lastKnownFileType = sourcecode.swift; path = "V2ex+Define.swift"; sourceTree = "<group>"; };
		06C49B6F1C43C11700684CA6 /* V2SpacingLabel.swift */ = {isa = PBXFileReference; fileEncoding = 4; lastKnownFileType = sourcecode.swift; path = V2SpacingLabel.swift; sourceTree = "<group>"; };
		06C532B31C53485700258A55 /* UserModel.swift */ = {isa = PBXFileReference; fileEncoding = 4; lastKnownFileType = sourcecode.swift; path = UserModel.swift; sourceTree = "<group>"; };
		06C532B51C534D3F00258A55 /* V2Response.swift */ = {isa = PBXFileReference; fileEncoding = 4; lastKnownFileType = sourcecode.swift; path = V2Response.swift; sourceTree = "<group>"; };
		06C582AB1C50C8DC00F24DBC /* BaseDetailTableViewCell.swift */ = {isa = PBXFileReference; fileEncoding = 4; lastKnownFileType = sourcecode.swift; path = BaseDetailTableViewCell.swift; sourceTree = "<group>"; };
		06C673491C4D20A0000F48DA /* TopicDetailHeaderCell.swift */ = {isa = PBXFileReference; fileEncoding = 4; lastKnownFileType = sourcecode.swift; path = TopicDetailHeaderCell.swift; sourceTree = "<group>"; };
		06D33A5D1C4DF64B006CF3AE /* TopicDetailWebViewContentCell.swift */ = {isa = PBXFileReference; fileEncoding = 4; lastKnownFileType = sourcecode.swift; path = TopicDetailWebViewContentCell.swift; sourceTree = "<group>"; };
		06DD400A1C43726600CE293D /* V2EXColor.swift */ = {isa = PBXFileReference; fileEncoding = 4; lastKnownFileType = sourcecode.swift; path = V2EXColor.swift; sourceTree = "<group>"; };
		06E583841C3F8F4B00FCA361 /* HomeTopicListTableViewCell.swift */ = {isa = PBXFileReference; fileEncoding = 4; lastKnownFileType = sourcecode.swift; path = HomeTopicListTableViewCell.swift; sourceTree = "<group>"; };
		06E583881C3FA1CA00FCA361 /* UITableView+Extension.swift */ = {isa = PBXFileReference; fileEncoding = 4; lastKnownFileType = sourcecode.swift; path = "UITableView+Extension.swift"; sourceTree = "<group>"; };
		2D06E5BE1AAA006DB6071E45 /* Pods.release.xcconfig */ = {isa = PBXFileReference; includeInIndex = 1; lastKnownFileType = text.xcconfig; name = Pods.release.xcconfig; path = "Pods/Target Support Files/Pods/Pods.release.xcconfig"; sourceTree = "<group>"; };
		462628112F2F81E722BB4E0B /* Pods.debug.xcconfig */ = {isa = PBXFileReference; includeInIndex = 1; lastKnownFileType = text.xcconfig; name = Pods.debug.xcconfig; path = "Pods/Target Support Files/Pods/Pods.debug.xcconfig"; sourceTree = "<group>"; };
		61362A97378A23EFC5EDD56C /* Pods.framework */ = {isa = PBXFileReference; explicitFileType = wrapper.framework; includeInIndex = 0; path = Pods.framework; sourceTree = BUILT_PRODUCTS_DIR; };
/* End PBXFileReference section */

/* Begin PBXFrameworksBuildPhase section */
		069508DD1C3F74FF0088D031 /* Frameworks */ = {
			isa = PBXFrameworksBuildPhase;
			buildActionMask = 2147483647;
			files = (
				26B5242605284C97BB41C134 /* Pods.framework in Frameworks */,
			);
			runOnlyForDeploymentPostprocessing = 0;
		};
/* End PBXFrameworksBuildPhase section */

/* Begin PBXGroup section */
		0653CFA61C44E09B00E4FC05 /* UITableView+FINAutomaticHeightCell */ = {
			isa = PBXGroup;
			children = (
				0653CFA71C44E0B200E4FC05 /* UITableView+FINAutomaticHeightCell.swift */,
			);
			path = "UITableView+FINAutomaticHeightCell";
			sourceTree = "<group>";
		};
		069508D71C3F74FF0088D031 = {
			isa = PBXGroup;
			children = (
				0698397A1C47763800FF7163 /* Resources */,
				069508F61C3F75A60088D031 /* Common */,
				069508F81C3F75A60088D031 /* Model */,
				069508F91C3F75AE0088D031 /* View */,
				069508F71C3F75A60088D031 /* Controller */,
				069508E21C3F74FF0088D031 /* V2ex-Swift */,
				069508E11C3F74FF0088D031 /* Products */,
				8D992468A4CF26529BEF3D7E /* Pods */,
				E7ECB16FBE422CEDA3C53BA0 /* Frameworks */,
			);
			sourceTree = "<group>";
		};
		069508E11C3F74FF0088D031 /* Products */ = {
			isa = PBXGroup;
			children = (
				069508E01C3F74FF0088D031 /* V2ex-Swift.app */,
			);
			name = Products;
			sourceTree = "<group>";
		};
		069508E21C3F74FF0088D031 /* V2ex-Swift */ = {
			isa = PBXGroup;
			children = (
				069508E31C3F74FF0088D031 /* AppDelegate.swift */,
				0610F1B31C46491800481402 /* V2EXNavigationController.swift */,
				069839781C4773D600FF7163 /* Localizable.strings */,
				069508EA1C3F74FF0088D031 /* Assets.xcassets */,
				069508EC1C3F74FF0088D031 /* LaunchScreen.storyboard */,
				069508EF1C3F74FF0088D031 /* Info.plist */,
			);
			path = "V2ex-Swift";
			sourceTree = "<group>";
		};
		069508F61C3F75A60088D031 /* Common */ = {
			isa = PBXGroup;
			children = (
				0653CFA61C44E09B00E4FC05 /* UITableView+FINAutomaticHeightCell */,
				06E583881C3FA1CA00FCA361 /* UITableView+Extension.swift */,
				06DD400A1C43726600CE293D /* V2EXColor.swift */,
				06C49B6C1C43BFAB00684CA6 /* V2ex+Define.swift */,
				060C4E411C48EC39004FBECC /* V2Client.swift */,
				06C532B51C534D3F00258A55 /* V2Response.swift */,
				0648F4AB1C54FC3F00475567 /* V2EXSettings.swift */,
				06BB48ED1C56096000A4A909 /* V2EXMentionedBindingParser.swift */,
			);
			path = Common;
			sourceTree = "<group>";
		};
		069508F71C3F75A60088D031 /* Controller */ = {
			isa = PBXGroup;
			children = (
				069839801C478EC300FF7163 /* LeftViewController.swift */,
				069839821C478ECC00FF7163 /* RightViewController.swift */,
				069508FA1C3F75C70088D031 /* HomeViewController.swift */,
				06662CA51C4A89520024452C /* TopicDetailViewController.swift */,
				06098B3E1C52171D00848159 /* LoginViewController.swift */,
				06BB48EF1C56153A00A4A909 /* WritingViewController.swift */,
				0684A1DF1C5B4A0A00B12437 /* NotificationsViewController.swift */,
			);
			path = Controller;
			sourceTree = "<group>";
		};
		069508F81C3F75A60088D031 /* Model */ = {
			isa = PBXGroup;
			children = (
				0610F1AF1C46136300481402 /* BaseModel.swift */,
				0610F1B11C4613D800481402 /* TopicListModel.swift */,
				06662CA71C4A8A370024452C /* TopicDetailModel.swift */,
				06C532B31C53485700258A55 /* UserModel.swift */,
				0684A1E91C5B608D00B12437 /* NotificationsModel.swift */,
			);
			path = Model;
			sourceTree = "<group>";
		};
		069508F91C3F75AE0088D031 /* View */ = {
			isa = PBXGroup;
			children = (
				06C49B6E1C43C10500684CA6 /* Control */,
				06C582AA1C50C86E00F24DBC /* Topic */,
				06E583841C3F8F4B00FCA361 /* HomeTopicListTableViewCell.swift */,
				06C582AB1C50C8DC00F24DBC /* BaseDetailTableViewCell.swift */,
				064D37A31C53BD4C002E7226 /* LeftUserHeadCell.swift */,
				064D37A51C53C4A8002E7226 /* LeftNodeTableViewCell.swift */,
				064D37A71C53CB09002E7226 /* RightNodeTableViewCell.swift */,
				0684A1E11C5B4BA500B12437 /* NotificationTableViewCell.swift */,
			);
			path = View;
			sourceTree = "<group>";
		};
		0698397A1C47763800FF7163 /* Resources */ = {
			isa = PBXGroup;
			children = (
				0684A1E31C5B508D00B12437 /* ic_arrow_drop_up@2x.png */,
				0684A1E41C5B508D00B12437 /* ic_arrow_drop_up@3x.png */,
				06BA47CD1C5A14CD00CE2A0D /* ic_favorite_18pt@2x.png */,
				06BA47CE1C5A14CD00CE2A0D /* ic_favorite_18pt@3x.png */,
				063C05EE1C58A15D005B7CA1 /* ic_speaker_notes@2x.png */,
				063C05EF1C58A15D005B7CA1 /* ic_speaker_notes@3x.png */,
				063C05E21C589B0E005B7CA1 /* ic_arrow_downward@2x.png */,
				063C05E31C589B0E005B7CA1 /* ic_arrow_downward@3x.png */,
				063C05DE1C5895A7005B7CA1 /* ic_account_circle@2x.png */,
				063C05DF1C5895A7005B7CA1 /* ic_account_circle@3x.png */,
				063C05DA1C589593005B7CA1 /* ic_lock@2x.png */,
				063C05DB1C589593005B7CA1 /* ic_lock@3x.png */,
				06098B421C5232D800848159 /* 32.jpg */,
				06098B401C521A4100848159 /* login-bg-iphone-6.jpg */,
				065B26B71C5750BE008F16ED /* ic_more_horiz_36pt@2x.png */,
				065B26B81C5750BE008F16ED /* ic_more_horiz_36pt@3x.png */,
				065B26BB1C57510E008F16ED /* ic_menu_36pt@2x.png */,
				065B26BC1C57510E008F16ED /* ic_menu_36pt@3x.png */,
				065B26C31C575277008F16ED /* ic_send@2x.png */,
				065B26C41C575277008F16ED /* ic_send@3x.png */,
				065B26D31C575424008F16ED /* ic_cancel@2x.png */,
				065B26D41C575424008F16ED /* ic_cancel@3x.png */,
				065B26E31C5757D1008F16ED /* ic_chevron_left@2x.png */,
				065B26E41C5757D1008F16ED /* ic_chevron_left@3x.png */,
				0698397B1C47766500FF7163 /* Dark.bundle */,
				0698397C1C47766500FF7163 /* Light.bundle */,
			);
			path = Resources;
			sourceTree = "<group>";
		};
		06C49B6E1C43C10500684CA6 /* Control */ = {
			isa = PBXGroup;
			children = (
				06C49B6F1C43C11700684CA6 /* V2SpacingLabel.swift */,
				060C4E3F1C4897BB004FBECC /* V2FPSLabel.swift */,
				063C05D81C5889E1005B7CA1 /* V2RefreshHeader.swift */,
				06BA47CA1C59C95500CE2A0D /* V2LoadingView.swift */,
				0684A1E71C5B58D600B12437 /* UIButton+Extension.swift */,
			);
			name = Control;
			sourceTree = "<group>";
		};
		06C582AA1C50C86E00F24DBC /* Topic */ = {
			isa = PBXGroup;
			children = (
				06C673491C4D20A0000F48DA /* TopicDetailHeaderCell.swift */,
				06D33A5D1C4DF64B006CF3AE /* TopicDetailWebViewContentCell.swift */,
				06536F581C4F4B5000CE2CF8 /* TopicDetailCommentCell.swift */,
			);
			name = Topic;
			sourceTree = "<group>";
		};
		8D992468A4CF26529BEF3D7E /* Pods */ = {
			isa = PBXGroup;
			children = (
				462628112F2F81E722BB4E0B /* Pods.debug.xcconfig */,
				2D06E5BE1AAA006DB6071E45 /* Pods.release.xcconfig */,
			);
			name = Pods;
			sourceTree = "<group>";
		};
		E7ECB16FBE422CEDA3C53BA0 /* Frameworks */ = {
			isa = PBXGroup;
			children = (
				61362A97378A23EFC5EDD56C /* Pods.framework */,
			);
			name = Frameworks;
			sourceTree = "<group>";
		};
/* End PBXGroup section */

/* Begin PBXNativeTarget section */
		069508DF1C3F74FF0088D031 /* V2ex-Swift */ = {
			isa = PBXNativeTarget;
			buildConfigurationList = 069508F21C3F74FF0088D031 /* Build configuration list for PBXNativeTarget "V2ex-Swift" */;
			buildPhases = (
				A9CA586DB80B2912861296F2 /* Check Pods Manifest.lock */,
				069508DC1C3F74FF0088D031 /* Sources */,
				069508DD1C3F74FF0088D031 /* Frameworks */,
				069508DE1C3F74FF0088D031 /* Resources */,
				ACFA5C8CCBB424AFDEA04BEC /* Embed Pods Frameworks */,
				CAC18B20D1EB189830861C9F /* Copy Pods Resources */,
			);
			buildRules = (
			);
			dependencies = (
			);
			name = "V2ex-Swift";
			productName = "V2ex-Swift";
			productReference = 069508E01C3F74FF0088D031 /* V2ex-Swift.app */;
			productType = "com.apple.product-type.application";
		};
/* End PBXNativeTarget section */

/* Begin PBXProject section */
		069508D81C3F74FF0088D031 /* Project object */ = {
			isa = PBXProject;
			attributes = {
				LastSwiftUpdateCheck = 0710;
				LastUpgradeCheck = 0710;
				ORGANIZATIONNAME = Fin;
				TargetAttributes = {
					069508DF1C3F74FF0088D031 = {
						CreatedOnToolsVersion = 7.1.1;
					};
				};
			};
			buildConfigurationList = 069508DB1C3F74FF0088D031 /* Build configuration list for PBXProject "V2ex-Swift" */;
			compatibilityVersion = "Xcode 3.2";
			developmentRegion = English;
			hasScannedForEncodings = 0;
			knownRegions = (
				en,
				Base,
				"zh-Hans",
			);
			mainGroup = 069508D71C3F74FF0088D031;
			productRefGroup = 069508E11C3F74FF0088D031 /* Products */;
			projectDirPath = "";
			projectRoot = "";
			targets = (
				069508DF1C3F74FF0088D031 /* V2ex-Swift */,
			);
		};
/* End PBXProject section */

/* Begin PBXResourcesBuildPhase section */
		069508DE1C3F74FF0088D031 /* Resources */ = {
			isa = PBXResourcesBuildPhase;
			buildActionMask = 2147483647;
			files = (
				065B26C51C575277008F16ED /* ic_send@2x.png in Resources */,
				06098B431C5232D800848159 /* 32.jpg in Resources */,
				069508EE1C3F74FF0088D031 /* LaunchScreen.storyboard in Resources */,
				06BA47CF1C5A14CD00CE2A0D /* ic_favorite_18pt@2x.png in Resources */,
				0684A1E61C5B508D00B12437 /* ic_arrow_drop_up@3x.png in Resources */,
				0698397D1C47766500FF7163 /* Dark.bundle in Resources */,
				063C05DD1C589593005B7CA1 /* ic_lock@3x.png in Resources */,
				0698397E1C47766500FF7163 /* Light.bundle in Resources */,
				069839761C4773D600FF7163 /* Localizable.strings in Resources */,
				06098B411C521A4100848159 /* login-bg-iphone-6.jpg in Resources */,
				063C05E41C589B0E005B7CA1 /* ic_arrow_downward@2x.png in Resources */,
				065B26BD1C57510E008F16ED /* ic_menu_36pt@2x.png in Resources */,
				065B26D61C575424008F16ED /* ic_cancel@3x.png in Resources */,
				063C05F11C58A15D005B7CA1 /* ic_speaker_notes@3x.png in Resources */,
				063C05DC1C589593005B7CA1 /* ic_lock@2x.png in Resources */,
				0684A1E51C5B508D00B12437 /* ic_arrow_drop_up@2x.png in Resources */,
				065B26BA1C5750BE008F16ED /* ic_more_horiz_36pt@3x.png in Resources */,
				069508EB1C3F74FF0088D031 /* Assets.xcassets in Resources */,
				065B26B91C5750BE008F16ED /* ic_more_horiz_36pt@2x.png in Resources */,
				063C05E01C5895A7005B7CA1 /* ic_account_circle@2x.png in Resources */,
				065B26BE1C57510E008F16ED /* ic_menu_36pt@3x.png in Resources */,
				065B26E51C5757D1008F16ED /* ic_chevron_left@2x.png in Resources */,
				063C05E11C5895A7005B7CA1 /* ic_account_circle@3x.png in Resources */,
				063C05F01C58A15D005B7CA1 /* ic_speaker_notes@2x.png in Resources */,
				063C05E51C589B0E005B7CA1 /* ic_arrow_downward@3x.png in Resources */,
				065B26D51C575424008F16ED /* ic_cancel@2x.png in Resources */,
				065B26C61C575277008F16ED /* ic_send@3x.png in Resources */,
				065B26E61C5757D1008F16ED /* ic_chevron_left@3x.png in Resources */,
				06BA47D01C5A14CD00CE2A0D /* ic_favorite_18pt@3x.png in Resources */,
			);
			runOnlyForDeploymentPostprocessing = 0;
		};
/* End PBXResourcesBuildPhase section */

/* Begin PBXShellScriptBuildPhase section */
		A9CA586DB80B2912861296F2 /* Check Pods Manifest.lock */ = {
			isa = PBXShellScriptBuildPhase;
			buildActionMask = 2147483647;
			files = (
			);
			inputPaths = (
			);
			name = "Check Pods Manifest.lock";
			outputPaths = (
			);
			runOnlyForDeploymentPostprocessing = 0;
			shellPath = /bin/sh;
			shellScript = "diff \"${PODS_ROOT}/../Podfile.lock\" \"${PODS_ROOT}/Manifest.lock\" > /dev/null\nif [[ $? != 0 ]] ; then\n    cat << EOM\nerror: The sandbox is not in sync with the Podfile.lock. Run 'pod install' or update your CocoaPods installation.\nEOM\n    exit 1\nfi\n";
			showEnvVarsInLog = 0;
		};
		ACFA5C8CCBB424AFDEA04BEC /* Embed Pods Frameworks */ = {
			isa = PBXShellScriptBuildPhase;
			buildActionMask = 2147483647;
			files = (
			);
			inputPaths = (
			);
			name = "Embed Pods Frameworks";
			outputPaths = (
			);
			runOnlyForDeploymentPostprocessing = 0;
			shellPath = /bin/sh;
			shellScript = "\"${SRCROOT}/Pods/Target Support Files/Pods/Pods-frameworks.sh\"\n";
			showEnvVarsInLog = 0;
		};
		CAC18B20D1EB189830861C9F /* Copy Pods Resources */ = {
			isa = PBXShellScriptBuildPhase;
			buildActionMask = 2147483647;
			files = (
			);
			inputPaths = (
			);
			name = "Copy Pods Resources";
			outputPaths = (
			);
			runOnlyForDeploymentPostprocessing = 0;
			shellPath = /bin/sh;
			shellScript = "\"${SRCROOT}/Pods/Target Support Files/Pods/Pods-resources.sh\"\n";
			showEnvVarsInLog = 0;
		};
/* End PBXShellScriptBuildPhase section */

/* Begin PBXSourcesBuildPhase section */
		069508DC1C3F74FF0088D031 /* Sources */ = {
			isa = PBXSourcesBuildPhase;
			buildActionMask = 2147483647;
			files = (
				064D37A61C53C4A8002E7226 /* LeftNodeTableViewCell.swift in Sources */,
				06536F591C4F4B5000CE2CF8 /* TopicDetailCommentCell.swift in Sources */,
				060C4E401C4897BB004FBECC /* V2FPSLabel.swift in Sources */,
				064D37A81C53CB09002E7226 /* RightNodeTableViewCell.swift in Sources */,
				06C6734A1C4D20A0000F48DA /* TopicDetailHeaderCell.swift in Sources */,
				0610F1B01C46136300481402 /* BaseModel.swift in Sources */,
				069508E41C3F74FF0088D031 /* AppDelegate.swift in Sources */,
				069839831C478ECC00FF7163 /* RightViewController.swift in Sources */,
				06E583851C3F8F4B00FCA361 /* HomeTopicListTableViewCell.swift in Sources */,
				0610F1B41C46491800481402 /* V2EXNavigationController.swift in Sources */,
				064D37A41C53BD4C002E7226 /* LeftUserHeadCell.swift in Sources */,
				06D33A5E1C4DF64B006CF3AE /* TopicDetailWebViewContentCell.swift in Sources */,
				06C532B41C53485700258A55 /* UserModel.swift in Sources */,
				0684A1E81C5B58D600B12437 /* UIButton+Extension.swift in Sources */,
				06DD400B1C43726600CE293D /* V2EXColor.swift in Sources */,
				06098B3F1C52171D00848159 /* LoginViewController.swift in Sources */,
				06BA47CB1C59C95500CE2A0D /* V2LoadingView.swift in Sources */,
				06C49B6D1C43BFAB00684CA6 /* V2ex+Define.swift in Sources */,
				060C4E421C48EC39004FBECC /* V2Client.swift in Sources */,
				06662CA81C4A8A370024452C /* TopicDetailModel.swift in Sources */,
				06BB48EE1C56096000A4A909 /* V2EXMentionedBindingParser.swift in Sources */,
				0653CFA81C44E0B200E4FC05 /* UITableView+FINAutomaticHeightCell.swift in Sources */,
				06C582AC1C50C8DC00F24DBC /* BaseDetailTableViewCell.swift in Sources */,
				06C49B701C43C11700684CA6 /* V2SpacingLabel.swift in Sources */,
				06C532B61C534D3F00258A55 /* V2Response.swift in Sources */,
				0684A1E21C5B4BA500B12437 /* NotificationTableViewCell.swift in Sources */,
				06662CA61C4A89520024452C /* TopicDetailViewController.swift in Sources */,
				0648F4AC1C54FC3F00475567 /* V2EXSettings.swift in Sources */,
				063C05D91C5889E1005B7CA1 /* V2RefreshHeader.swift in Sources */,
				06BB48F01C56153A00A4A909 /* WritingViewController.swift in Sources */,
				0684A1EA1C5B608D00B12437 /* NotificationsModel.swift in Sources */,
				06E583891C3FA1CA00FCA361 /* UITableView+Extension.swift in Sources */,
				069839811C478EC300FF7163 /* LeftViewController.swift in Sources */,
				0684A1E01C5B4A0A00B12437 /* NotificationsViewController.swift in Sources */,
				069508FB1C3F75C70088D031 /* HomeViewController.swift in Sources */,
				0610F1B21C4613D800481402 /* TopicListModel.swift in Sources */,
			);
			runOnlyForDeploymentPostprocessing = 0;
		};
/* End PBXSourcesBuildPhase section */

/* Begin PBXVariantGroup section */
		069508EC1C3F74FF0088D031 /* LaunchScreen.storyboard */ = {
			isa = PBXVariantGroup;
			children = (
				069508ED1C3F74FF0088D031 /* Base */,
			);
			name = LaunchScreen.storyboard;
			sourceTree = "<group>";
		};
		069839781C4773D600FF7163 /* Localizable.strings */ = {
			isa = PBXVariantGroup;
			children = (
				069839771C4773D600FF7163 /* en */,
				069839791C47740B00FF7163 /* zh-Hans */,
			);
			name = Localizable.strings;
			sourceTree = "<group>";
		};
/* End PBXVariantGroup section */

/* Begin XCBuildConfiguration section */
		069508F01C3F74FF0088D031 /* Debug */ = {
			isa = XCBuildConfiguration;
			buildSettings = {
				ALWAYS_SEARCH_USER_PATHS = NO;
				CLANG_CXX_LANGUAGE_STANDARD = "gnu++0x";
				CLANG_CXX_LIBRARY = "libc++";
				CLANG_ENABLE_MODULES = YES;
				CLANG_ENABLE_OBJC_ARC = YES;
				CLANG_WARN_BOOL_CONVERSION = YES;
				CLANG_WARN_CONSTANT_CONVERSION = YES;
				CLANG_WARN_DIRECT_OBJC_ISA_USAGE = YES_ERROR;
				CLANG_WARN_EMPTY_BODY = YES;
				CLANG_WARN_ENUM_CONVERSION = YES;
				CLANG_WARN_INT_CONVERSION = YES;
				CLANG_WARN_OBJC_ROOT_CLASS = YES_ERROR;
				CLANG_WARN_UNREACHABLE_CODE = YES;
				CLANG_WARN__DUPLICATE_METHOD_MATCH = YES;
				"CODE_SIGN_IDENTITY[sdk=iphoneos*]" = "iPhone Developer";
				COPY_PHASE_STRIP = NO;
				DEBUG_INFORMATION_FORMAT = dwarf;
				ENABLE_STRICT_OBJC_MSGSEND = YES;
				ENABLE_TESTABILITY = YES;
				GCC_C_LANGUAGE_STANDARD = gnu99;
				GCC_DYNAMIC_NO_PIC = NO;
				GCC_NO_COMMON_BLOCKS = YES;
				GCC_OPTIMIZATION_LEVEL = 0;
				GCC_PREPROCESSOR_DEFINITIONS = (
					"DEBUG=1",
					"$(inherited)",
				);
				GCC_WARN_64_TO_32_BIT_CONVERSION = YES;
				GCC_WARN_ABOUT_RETURN_TYPE = YES_ERROR;
				GCC_WARN_UNDECLARED_SELECTOR = YES;
				GCC_WARN_UNINITIALIZED_AUTOS = YES_AGGRESSIVE;
				GCC_WARN_UNUSED_FUNCTION = YES;
				GCC_WARN_UNUSED_VARIABLE = YES;
				IPHONEOS_DEPLOYMENT_TARGET = 9.1;
				MTL_ENABLE_DEBUG_INFO = YES;
				ONLY_ACTIVE_ARCH = YES;
				SDKROOT = iphoneos;
				SWIFT_OPTIMIZATION_LEVEL = "-Onone";
			};
			name = Debug;
		};
		069508F11C3F74FF0088D031 /* Release */ = {
			isa = XCBuildConfiguration;
			buildSettings = {
				ALWAYS_SEARCH_USER_PATHS = NO;
				CLANG_CXX_LANGUAGE_STANDARD = "gnu++0x";
				CLANG_CXX_LIBRARY = "libc++";
				CLANG_ENABLE_MODULES = YES;
				CLANG_ENABLE_OBJC_ARC = YES;
				CLANG_WARN_BOOL_CONVERSION = YES;
				CLANG_WARN_CONSTANT_CONVERSION = YES;
				CLANG_WARN_DIRECT_OBJC_ISA_USAGE = YES_ERROR;
				CLANG_WARN_EMPTY_BODY = YES;
				CLANG_WARN_ENUM_CONVERSION = YES;
				CLANG_WARN_INT_CONVERSION = YES;
				CLANG_WARN_OBJC_ROOT_CLASS = YES_ERROR;
				CLANG_WARN_UNREACHABLE_CODE = YES;
				CLANG_WARN__DUPLICATE_METHOD_MATCH = YES;
				"CODE_SIGN_IDENTITY[sdk=iphoneos*]" = "iPhone Developer";
				COPY_PHASE_STRIP = NO;
				DEBUG_INFORMATION_FORMAT = "dwarf-with-dsym";
				ENABLE_NS_ASSERTIONS = NO;
				ENABLE_STRICT_OBJC_MSGSEND = YES;
				GCC_C_LANGUAGE_STANDARD = gnu99;
				GCC_NO_COMMON_BLOCKS = YES;
				GCC_WARN_64_TO_32_BIT_CONVERSION = YES;
				GCC_WARN_ABOUT_RETURN_TYPE = YES_ERROR;
				GCC_WARN_UNDECLARED_SELECTOR = YES;
				GCC_WARN_UNINITIALIZED_AUTOS = YES_AGGRESSIVE;
				GCC_WARN_UNUSED_FUNCTION = YES;
				GCC_WARN_UNUSED_VARIABLE = YES;
				IPHONEOS_DEPLOYMENT_TARGET = 9.1;
				MTL_ENABLE_DEBUG_INFO = NO;
				SDKROOT = iphoneos;
				VALIDATE_PRODUCT = YES;
			};
			name = Release;
		};
		069508F31C3F74FF0088D031 /* Debug */ = {
			isa = XCBuildConfiguration;
			baseConfigurationReference = 462628112F2F81E722BB4E0B /* Pods.debug.xcconfig */;
			buildSettings = {
				ASSETCATALOG_COMPILER_APPICON_NAME = AppIcon;
				INFOPLIST_FILE = "V2ex-Swift/Info.plist";
				IPHONEOS_DEPLOYMENT_TARGET = 8.0;
				LD_RUNPATH_SEARCH_PATHS = "$(inherited) @executable_path/Frameworks";
				OTHER_SWIFT_FLAGS = "$(inherited) \"-D\" \"COCOAPODS\" -DDEBUG";
				PRODUCT_BUNDLE_IDENTIFIER = "me.fin.V2ex-Swift";
				PRODUCT_NAME = "$(TARGET_NAME)";
			};
			name = Debug;
		};
		069508F41C3F74FF0088D031 /* Release */ = {
			isa = XCBuildConfiguration;
			baseConfigurationReference = 2D06E5BE1AAA006DB6071E45 /* Pods.release.xcconfig */;
			buildSettings = {
				ASSETCATALOG_COMPILER_APPICON_NAME = AppIcon;
				INFOPLIST_FILE = "V2ex-Swift/Info.plist";
				IPHONEOS_DEPLOYMENT_TARGET = 8.0;
				LD_RUNPATH_SEARCH_PATHS = "$(inherited) @executable_path/Frameworks";
				PRODUCT_BUNDLE_IDENTIFIER = "me.fin.V2ex-Swift";
				PRODUCT_NAME = "$(TARGET_NAME)";
			};
			name = Release;
		};
/* End XCBuildConfiguration section */

/* Begin XCConfigurationList section */
		069508DB1C3F74FF0088D031 /* Build configuration list for PBXProject "V2ex-Swift" */ = {
			isa = XCConfigurationList;
			buildConfigurations = (
				069508F01C3F74FF0088D031 /* Debug */,
				069508F11C3F74FF0088D031 /* Release */,
			);
			defaultConfigurationIsVisible = 0;
			defaultConfigurationName = Release;
		};
		069508F21C3F74FF0088D031 /* Build configuration list for PBXNativeTarget "V2ex-Swift" */ = {
			isa = XCConfigurationList;
			buildConfigurations = (
				069508F31C3F74FF0088D031 /* Debug */,
				069508F41C3F74FF0088D031 /* Release */,
			);
			defaultConfigurationIsVisible = 0;
			defaultConfigurationName = Release;
		};
/* End XCConfigurationList section */
	};
	rootObject = 069508D81C3F74FF0088D031 /* Project object */;
}
